
Microsoft Visual Studio Solution File, Format Version 12.00
# Visual Studio Version 17
VisualStudioVersion = 17.4.33213.308
MinimumVisualStudioVersion = 10.0.40219.1
Project("{FAE04EC0-301F-11D3-BF4B-00C04F79EFBC}") = "CSharp-Delegates", "CSharp-Delegates\CSharp-Delegates.csproj", "{7F0E8FA9-6B32-4A0B-B9D7-45DB37841820}"
EndProject
Global
	GlobalSection(SolutionConfigurationPlatforms) = preSolution
		Debug|Any CPU = Debug|Any CPU
		Release|Any CPU = Release|Any CPU
	EndGlobalSection
	GlobalSection(ProjectConfigurationPlatforms) = postSolution
		{7F0E8FA9-6B32-4A0B-B9D7-45DB37841820}.Debug|Any CPU.ActiveCfg = Debug|Any CPU
		{7F0E8FA9-6B32-4A0B-B9D7-45DB37841820}.Debug|Any CPU.Build.0 = Debug|Any CPU
		{7F0E8FA9-6B32-4A0B-B9D7-45DB37841820}.Release|Any CPU.ActiveCfg = Release|Any CPU
		{7F0E8FA9-6B32-4A0B-B9D7-45DB37841820}.Release|Any CPU.Build.0 = Release|Any CPU
	EndGlobalSection
	GlobalSection(SolutionProperties) = preSolution
		HideSolutionNode = FALSE
	EndGlobalSection
	GlobalSection(ExtensibilityGlobals) = postSolution
		SolutionGuid = {212EA760-A684-4FB8-ABE2-F3C2A03948C1}
	EndGlobalSection
EndGlobal
