
Microsoft Visual Studio Solution File, Format Version 12.00
# Visual Studio Version 17
VisualStudioVersion = 17.4.33213.308
MinimumVisualStudioVersion = 10.0.40219.1
Project("{FAE04EC0-301F-11D3-BF4B-00C04F79EFBC}") = "Alarm", "Alarm.csproj", "{DE1A0DB6-8228-40DD-A4E9-19E16AA22A17}"
EndProject
Global
	GlobalSection(SolutionConfigurationPlatforms) = preSolution
		Debug|Any CPU = Debug|Any CPU
		Release|Any CPU = Release|Any CPU
	EndGlobalSection
	GlobalSection(ProjectConfigurationPlatforms) = postSolution
		{DE1A0DB6-8228-40DD-A4E9-19E16AA22A17}.Debug|Any CPU.ActiveCfg = Debug|Any CPU
		{DE1A0DB6-8228-40DD-A4E9-19E16AA22A17}.Debug|Any CPU.Build.0 = Debug|Any CPU
		{DE1A0DB6-8228-40DD-A4E9-19E16AA22A17}.Release|Any CPU.ActiveCfg = Release|Any CPU
		{DE1A0DB6-8228-40DD-A4E9-19E16AA22A17}.Release|Any CPU.Build.0 = Release|Any CPU
	EndGlobalSection
	GlobalSection(SolutionProperties) = preSolution
		HideSolutionNode = FALSE
	EndGlobalSection
	GlobalSection(ExtensibilityGlobals) = postSolution
		SolutionGuid = {60DF433F-16F7-48C1-A8F2-C0F601D067D1}
	EndGlobalSection
EndGlobal
